// !$*UTF8*$!
{
	archiveVersion = 1;
	classes = {
	};
	objectVersion = 46;
	objects = {

/* Begin PBXBuildFile section */
		8723584C1E7022E1002D19B8 /* dynamic_radar_airway_graph.cpp in Sources */ = {isa = PBXBuildFile; fileRef = 8723584A1E7022E1002D19B8 /* dynamic_radar_airway_graph.cpp */; };
		8723584F1E704363002D19B8 /* radar_image_process.c in Sources */ = {isa = PBXBuildFile; fileRef = 8723584D1E704363002D19B8 /* radar_image_process.c */; };
		873C063F1E6F9E34004DE01C /* main.cpp in Sources */ = {isa = PBXBuildFile; fileRef = 873C063E1E6F9E34004DE01C /* main.cpp */; };
		873C064F1E6F9E44004DE01C /* dijkstra.cpp in Sources */ = {isa = PBXBuildFile; fileRef = 873C06461E6F9E44004DE01C /* dijkstra.cpp */; };
		873C06501E6F9E44004DE01C /* airway_graph.cpp in Sources */ = {isa = PBXBuildFile; fileRef = 873C06481E6F9E44004DE01C /* airway_graph.cpp */; };
		873C06511E6F9E44004DE01C /* dynamic_airway_graph.cpp in Sources */ = {isa = PBXBuildFile; fileRef = 873C064B1E6F9E44004DE01C /* dynamic_airway_graph.cpp */; };
		87D402DF1E7A40BB00041DCA /* graphics_utils.cpp in Sources */ = {isa = PBXBuildFile; fileRef = 87D402DE1E7A40BB00041DCA /* graphics_utils.cpp */; };
		87D402E51E7AAD5100041DCA /* raster_graph.cpp in Sources */ = {isa = PBXBuildFile; fileRef = 87D402E31E7AAD5100041DCA /* raster_graph.cpp */; };
/* End PBXBuildFile section */

/* Begin PBXCopyFilesBuildPhase section */
		873C06391E6F9E34004DE01C /* CopyFiles */ = {
			isa = PBXCopyFilesBuildPhase;
			buildActionMask = 2147483647;
			dstPath = /usr/share/man/man1/;
			dstSubfolderSpec = 0;
			files = (
			);
			runOnlyForDeploymentPostprocessing = 1;
		};
/* End PBXCopyFilesBuildPhase section */

/* Begin PBXFileReference section */
		8723584A1E7022E1002D19B8 /* dynamic_radar_airway_graph.cpp */ = {isa = PBXFileReference; fileEncoding = 4; lastKnownFileType = sourcecode.cpp.cpp; path = dynamic_radar_airway_graph.cpp; sourceTree = "<group>"; };
		8723584B1E7022E1002D19B8 /* dynamic_radar_airway_graph.hpp */ = {isa = PBXFileReference; fileEncoding = 4; lastKnownFileType = sourcecode.cpp.h; path = dynamic_radar_airway_graph.hpp; sourceTree = "<group>"; };
		8723584D1E704363002D19B8 /* radar_image_process.c */ = {isa = PBXFileReference; fileEncoding = 4; lastKnownFileType = sourcecode.c.c; path = radar_image_process.c; sourceTree = "<group>"; };
		8723584E1E704363002D19B8 /* radar_image_process.h */ = {isa = PBXFileReference; fileEncoding = 4; lastKnownFileType = sourcecode.c.h; path = radar_image_process.h; sourceTree = "<group>"; };
		873C063B1E6F9E34004DE01C /* DWRFinder */ = {isa = PBXFileReference; explicitFileType = "compiled.mach-o.executable"; includeInIndex = 0; path = DWRFinder; sourceTree = BUILT_PRODUCTS_DIR; };
		873C063E1E6F9E34004DE01C /* main.cpp */ = {isa = PBXFileReference; lastKnownFileType = sourcecode.cpp.cpp; path = main.cpp; sourceTree = "<group>"; };
		873C06451E6F9E44004DE01C /* airway_type.hpp */ = {isa = PBXFileReference; fileEncoding = 4; lastKnownFileType = sourcecode.cpp.h; path = airway_type.hpp; sourceTree = "<group>"; };
		873C06461E6F9E44004DE01C /* dijkstra.cpp */ = {isa = PBXFileReference; fileEncoding = 4; lastKnownFileType = sourcecode.cpp.cpp; path = dijkstra.cpp; sourceTree = "<group>"; };
		873C06471E6F9E44004DE01C /* dijkstra.hpp */ = {isa = PBXFileReference; fileEncoding = 4; lastKnownFileType = sourcecode.cpp.h; path = dijkstra.hpp; sourceTree = "<group>"; };
		873C06481E6F9E44004DE01C /* airway_graph.cpp */ = {isa = PBXFileReference; fileEncoding = 4; lastKnownFileType = sourcecode.cpp.cpp; path = airway_graph.cpp; sourceTree = "<group>"; };
		873C06491E6F9E44004DE01C /* airway_graph.hpp */ = {isa = PBXFileReference; fileEncoding = 4; lastKnownFileType = sourcecode.cpp.h; path = airway_graph.hpp; sourceTree = "<group>"; };
		873C064A1E6F9E44004DE01C /* graph.h */ = {isa = PBXFileReference; fileEncoding = 4; lastKnownFileType = sourcecode.c.h; path = graph.h; sourceTree = "<group>"; };
		873C064B1E6F9E44004DE01C /* dynamic_airway_graph.cpp */ = {isa = PBXFileReference; fileEncoding = 4; lastKnownFileType = sourcecode.cpp.cpp; path = dynamic_airway_graph.cpp; sourceTree = "<group>"; };
		873C064C1E6F9E44004DE01C /* dynamic_airway_graph.hpp */ = {isa = PBXFileReference; fileEncoding = 4; lastKnownFileType = sourcecode.cpp.h; path = dynamic_airway_graph.hpp; sourceTree = "<group>"; };
		87D402DC1E7A3E5A00041DCA /* graphics_utils.hpp */ = {isa = PBXFileReference; fileEncoding = 4; lastKnownFileType = sourcecode.cpp.h; path = graphics_utils.hpp; sourceTree = "<group>"; };
		87D402DE1E7A40BB00041DCA /* graphics_utils.cpp */ = {isa = PBXFileReference; fileEncoding = 4; lastKnownFileType = sourcecode.cpp.cpp; path = graphics_utils.cpp; sourceTree = "<group>"; };
		87D402E31E7AAD5100041DCA /* raster_graph.cpp */ = {isa = PBXFileReference; fileEncoding = 4; lastKnownFileType = sourcecode.cpp.cpp; path = raster_graph.cpp; sourceTree = "<group>"; };
		87D402E41E7AAD5100041DCA /* raster_graph.hpp */ = {isa = PBXFileReference; fileEncoding = 4; lastKnownFileType = sourcecode.cpp.h; path = raster_graph.hpp; sourceTree = "<group>"; };
/* End PBXFileReference section */

/* Begin PBXFrameworksBuildPhase section */
		873C06381E6F9E34004DE01C /* Frameworks */ = {
			isa = PBXFrameworksBuildPhase;
			buildActionMask = 2147483647;
			files = (
			);
			runOnlyForDeploymentPostprocessing = 0;
		};
/* End PBXFrameworksBuildPhase section */

/* Begin PBXGroup section */
		873C06321E6F9E34004DE01C = {
			isa = PBXGroup;
			children = (
				873C063D1E6F9E34004DE01C /* DWRFinder */,
				873C063C1E6F9E34004DE01C /* Products */,
			);
			sourceTree = "<group>";
		};
		873C063C1E6F9E34004DE01C /* Products */ = {
			isa = PBXGroup;
			children = (
				873C063B1E6F9E34004DE01C /* DWRFinder */,
			);
			name = Products;
			sourceTree = "<group>";
		};
		873C063D1E6F9E34004DE01C /* DWRFinder */ = {
			isa = PBXGroup;
			children = (
				873C07A31E6FCA5C004DE01C /* DWR */,
				873C063E1E6F9E34004DE01C /* main.cpp */,
			);
			path = DWRFinder;
			sourceTree = "<group>";
		};
		873C07A31E6FCA5C004DE01C /* DWR */ = {
			isa = PBXGroup;
			children = (
				87D402DA1E7A3DC200041DCA /* Utils */,
				873C06451E6F9E44004DE01C /* airway_type.hpp */,
				873C06461E6F9E44004DE01C /* dijkstra.cpp */,
				873C06471E6F9E44004DE01C /* dijkstra.hpp */,
				873C06481E6F9E44004DE01C /* airway_graph.cpp */,
				873C06491E6F9E44004DE01C /* airway_graph.hpp */,
				873C064A1E6F9E44004DE01C /* graph.h */,
				873C064B1E6F9E44004DE01C /* dynamic_airway_graph.cpp */,
				873C064C1E6F9E44004DE01C /* dynamic_airway_graph.hpp */,
				8723584A1E7022E1002D19B8 /* dynamic_radar_airway_graph.cpp */,
				8723584B1E7022E1002D19B8 /* dynamic_radar_airway_graph.hpp */,
				87D402E31E7AAD5100041DCA /* raster_graph.cpp */,
				87D402E41E7AAD5100041DCA /* raster_graph.hpp */,
			);
			name = DWR;
			sourceTree = "<group>";
		};
		87D402DA1E7A3DC200041DCA /* Utils */ = {
			isa = PBXGroup;
			children = (
				8723584D1E704363002D19B8 /* radar_image_process.c */,
				8723584E1E704363002D19B8 /* radar_image_process.h */,
				87D402DC1E7A3E5A00041DCA /* graphics_utils.hpp */,
				87D402DE1E7A40BB00041DCA /* graphics_utils.cpp */,
			);
			name = Utils;
			sourceTree = "<group>";
		};
/* End PBXGroup section */

/* Begin PBXNativeTarget section */
		873C063A1E6F9E34004DE01C /* DWRFinder */ = {
			isa = PBXNativeTarget;
			buildConfigurationList = 873C06421E6F9E34004DE01C /* Build configuration list for PBXNativeTarget "DWRFinder" */;
			buildPhases = (
				873C06371E6F9E34004DE01C /* Sources */,
				873C06381E6F9E34004DE01C /* Frameworks */,
				873C06391E6F9E34004DE01C /* CopyFiles */,
			);
			buildRules = (
			);
			dependencies = (
			);
			name = DWRFinder;
			productName = DWRFinder;
			productReference = 873C063B1E6F9E34004DE01C /* DWRFinder */;
			productType = "com.apple.product-type.tool";
		};
/* End PBXNativeTarget section */

/* Begin PBXProject section */
		873C06331E6F9E34004DE01C /* Project object */ = {
			isa = PBXProject;
			attributes = {
				LastUpgradeCheck = 0820;
				ORGANIZATIONNAME = Zach;
				TargetAttributes = {
					873C063A1E6F9E34004DE01C = {
						CreatedOnToolsVersion = 8.2.1;
						DevelopmentTeam = 9MLY55Y69S;
						ProvisioningStyle = Automatic;
					};
				};
			};
			buildConfigurationList = 873C06361E6F9E34004DE01C /* Build configuration list for PBXProject "DWRFinder" */;
			compatibilityVersion = "Xcode 3.2";
			developmentRegion = English;
			hasScannedForEncodings = 0;
			knownRegions = (
				en,
			);
			mainGroup = 873C06321E6F9E34004DE01C;
			productRefGroup = 873C063C1E6F9E34004DE01C /* Products */;
			projectDirPath = "";
			projectRoot = "";
			targets = (
				873C063A1E6F9E34004DE01C /* DWRFinder */,
			);
		};
/* End PBXProject section */

/* Begin PBXSourcesBuildPhase section */
		873C06371E6F9E34004DE01C /* Sources */ = {
			isa = PBXSourcesBuildPhase;
			buildActionMask = 2147483647;
			files = (
				87D402DF1E7A40BB00041DCA /* graphics_utils.cpp in Sources */,
				873C063F1E6F9E34004DE01C /* main.cpp in Sources */,
				873C06501E6F9E44004DE01C /* airway_graph.cpp in Sources */,
				87D402E51E7AAD5100041DCA /* raster_graph.cpp in Sources */,
				873C064F1E6F9E44004DE01C /* dijkstra.cpp in Sources */,
				8723584C1E7022E1002D19B8 /* dynamic_radar_airway_graph.cpp in Sources */,
				8723584F1E704363002D19B8 /* radar_image_process.c in Sources */,
				873C06511E6F9E44004DE01C /* dynamic_airway_graph.cpp in Sources */,
			);
			runOnlyForDeploymentPostprocessing = 0;
		};
/* End PBXSourcesBuildPhase section */

/* Begin XCBuildConfiguration section */
		873C06401E6F9E34004DE01C /* Debug */ = {
			isa = XCBuildConfiguration;
			buildSettings = {
				ALWAYS_SEARCH_USER_PATHS = NO;
				CLANG_ANALYZER_NONNULL = YES;
				CLANG_CXX_LANGUAGE_STANDARD = "gnu++0x";
				CLANG_CXX_LIBRARY = "libc++";
				CLANG_ENABLE_MODULES = YES;
				CLANG_ENABLE_OBJC_ARC = YES;
				CLANG_WARN_BOOL_CONVERSION = YES;
				CLANG_WARN_CONSTANT_CONVERSION = YES;
				CLANG_WARN_DIRECT_OBJC_ISA_USAGE = YES_ERROR;
				CLANG_WARN_DOCUMENTATION_COMMENTS = YES;
				CLANG_WARN_EMPTY_BODY = YES;
				CLANG_WARN_ENUM_CONVERSION = YES;
				CLANG_WARN_INFINITE_RECURSION = YES;
				CLANG_WARN_INT_CONVERSION = YES;
				CLANG_WARN_OBJC_ROOT_CLASS = YES_ERROR;
				CLANG_WARN_SUSPICIOUS_MOVE = YES;
				CLANG_WARN_UNREACHABLE_CODE = YES;
				CLANG_WARN__DUPLICATE_METHOD_MATCH = YES;
				CODE_SIGN_IDENTITY = "-";
				COPY_PHASE_STRIP = NO;
				DEBUG_INFORMATION_FORMAT = dwarf;
				ENABLE_STRICT_OBJC_MSGSEND = YES;
				ENABLE_TESTABILITY = YES;
				GCC_C_LANGUAGE_STANDARD = gnu99;
				GCC_DYNAMIC_NO_PIC = NO;
				GCC_NO_COMMON_BLOCKS = YES;
				GCC_OPTIMIZATION_LEVEL = 0;
				GCC_PREPROCESSOR_DEFINITIONS = (
					"DEBUG=1",
					"$(inherited)",
				);
				GCC_WARN_64_TO_32_BIT_CONVERSION = YES;
				GCC_WARN_ABOUT_RETURN_TYPE = YES_ERROR;
				GCC_WARN_UNDECLARED_SELECTOR = YES;
				GCC_WARN_UNINITIALIZED_AUTOS = YES_AGGRESSIVE;
				GCC_WARN_UNUSED_FUNCTION = YES;
				GCC_WARN_UNUSED_VARIABLE = YES;
				MACOSX_DEPLOYMENT_TARGET = 10.12;
				MTL_ENABLE_DEBUG_INFO = YES;
				ONLY_ACTIVE_ARCH = YES;
				SDKROOT = macosx;
			};
			name = Debug;
		};
		873C06411E6F9E34004DE01C /* Release */ = {
			isa = XCBuildConfiguration;
			buildSettings = {
				ALWAYS_SEARCH_USER_PATHS = NO;
				CLANG_ANALYZER_NONNULL = YES;
				CLANG_CXX_LANGUAGE_STANDARD = "gnu++0x";
				CLANG_CXX_LIBRARY = "libc++";
				CLANG_ENABLE_MODULES = YES;
				CLANG_ENABLE_OBJC_ARC = YES;
				CLANG_WARN_BOOL_CONVERSION = YES;
				CLANG_WARN_CONSTANT_CONVERSION = YES;
				CLANG_WARN_DIRECT_OBJC_ISA_USAGE = YES_ERROR;
				CLANG_WARN_DOCUMENTATION_COMMENTS = YES;
				CLANG_WARN_EMPTY_BODY = YES;
				CLANG_WARN_ENUM_CONVERSION = YES;
				CLANG_WARN_INFINITE_RECURSION = YES;
				CLANG_WARN_INT_CONVERSION = YES;
				CLANG_WARN_OBJC_ROOT_CLASS = YES_ERROR;
				CLANG_WARN_SUSPICIOUS_MOVE = YES;
				CLANG_WARN_UNREACHABLE_CODE = YES;
				CLANG_WARN__DUPLICATE_METHOD_MATCH = YES;
				CODE_SIGN_IDENTITY = "-";
				COPY_PHASE_STRIP = NO;
				DEBUG_INFORMATION_FORMAT = "dwarf-with-dsym";
				ENABLE_NS_ASSERTIONS = NO;
				ENABLE_STRICT_OBJC_MSGSEND = YES;
				GCC_C_LANGUAGE_STANDARD = gnu99;
				GCC_NO_COMMON_BLOCKS = YES;
				GCC_WARN_64_TO_32_BIT_CONVERSION = YES;
				GCC_WARN_ABOUT_RETURN_TYPE = YES_ERROR;
				GCC_WARN_UNDECLARED_SELECTOR = YES;
				GCC_WARN_UNINITIALIZED_AUTOS = YES_AGGRESSIVE;
				GCC_WARN_UNUSED_FUNCTION = YES;
				GCC_WARN_UNUSED_VARIABLE = YES;
				MACOSX_DEPLOYMENT_TARGET = 10.12;
				MTL_ENABLE_DEBUG_INFO = NO;
				SDKROOT = macosx;
			};
			name = Release;
		};
		873C06431E6F9E34004DE01C /* Debug */ = {
			isa = XCBuildConfiguration;
			buildSettings = {
				DEVELOPMENT_TEAM = 9MLY55Y69S;
				PRODUCT_NAME = "$(TARGET_NAME)";
			};
			name = Debug;
		};
		873C06441E6F9E34004DE01C /* Release */ = {
			isa = XCBuildConfiguration;
			buildSettings = {
				DEVELOPMENT_TEAM = 9MLY55Y69S;
				PRODUCT_NAME = "$(TARGET_NAME)";
			};
			name = Release;
		};
/* End XCBuildConfiguration section */

/* Begin XCConfigurationList section */
		873C06361E6F9E34004DE01C /* Build configuration list for PBXProject "DWRFinder" */ = {
			isa = XCConfigurationList;
			buildConfigurations = (
				873C06401E6F9E34004DE01C /* Debug */,
				873C06411E6F9E34004DE01C /* Release */,
			);
			defaultConfigurationIsVisible = 0;
			defaultConfigurationName = Release;
		};
		873C06421E6F9E34004DE01C /* Build configuration list for PBXNativeTarget "DWRFinder" */ = {
			isa = XCConfigurationList;
			buildConfigurations = (
				873C06431E6F9E34004DE01C /* Debug */,
				873C06441E6F9E34004DE01C /* Release */,
			);
			defaultConfigurationIsVisible = 0;
			defaultConfigurationName = Release;
		};
/* End XCConfigurationList section */
	};
	rootObject = 873C06331E6F9E34004DE01C /* Project object */;
}
